<?xml version="1.0" encoding="utf-8"?>
<Project ToolsVersion="4.0" xmlns="http://schemas.microsoft.com/developer/msbuild/2003">
  <ItemGroup>
    <Filter Include="헤더 파일">
      <UniqueIdentifier>{93995380-89BD-4b04-88EB-625FBE52EBFB}</UniqueIdentifier>
      <Extensions>h;hh;hpp;hxx;h++;hm;inl;inc;ipp;xsd</Extensions>
    </Filter>
    <Filter Include="리소스 파일">
      <UniqueIdentifier>{67DA6AB6-F800-4c08-8B7A-83BB121AAD01}</UniqueIdentifier>
      <Extensions>rc;ico;cur;bmp;dlg;rc2;rct;bin;rgs;gif;jpg;jpeg;jpe;resx;tiff;tif;png;wav;mfcribbon-ms</Extensions>
    </Filter>
    <Filter Include="main">
      <UniqueIdentifier>{4FC737F1-C7A5-4376-A066-2A32D752A2FF}</UniqueIdentifier>
      <Extensions>cpp;c;cc;cxx;c++;cppm;ixx;def;odl;idl;hpj;bat;asm;asmx</Extensions>
    </Filter>
    <Filter Include="cpp">
      <UniqueIdentifier>{9a506188-72e6-4a8e-a12f-7a01d657dc4d}</UniqueIdentifier>
    </Filter>
    <Filter Include="CodingTest">
      <UniqueIdentifier>{1252a0c5-9b35-4bd7-8071-779ae6367b86}</UniqueIdentifier>
    </Filter>
    <Filter Include="CodingTest\날짜별로">
      <UniqueIdentifier>{83dda606-7e3f-41d4-91cd-37adcd4119ea}</UniqueIdentifier>
    </Filter>
    <Filter Include="CodingTest\날짜별로\~0504">
      <UniqueIdentifier>{d97dc292-9dd4-4ab2-8d36-932434d242dc}</UniqueIdentifier>
    </Filter>
    <Filter Include="CodingTest\날짜별로\0505">
      <UniqueIdentifier>{720482b2-3f02-42b4-a62f-d71f64985caf}</UniqueIdentifier>
    </Filter>
    <Filter Include="CodingTest\날짜별로\0507">
      <UniqueIdentifier>{13c946ff-426e-4ae3-910c-4a046b9bc801}</UniqueIdentifier>
    </Filter>
    <Filter Include="CodingTest\날짜별로\0508">
      <UniqueIdentifier>{f008fa3d-5e4c-4c7d-b3c9-40f75afd3883}</UniqueIdentifier>
    </Filter>
    <Filter Include="CodingTest\날짜별로\0509">
      <UniqueIdentifier>{13489d4a-029a-4bd2-ae1d-0e35fe4773f9}</UniqueIdentifier>
    </Filter>
    <Filter Include="CodingTest\날짜별로\0510">
      <UniqueIdentifier>{52fff188-87fb-4662-99a3-8ddff57a55f1}</UniqueIdentifier>
    </Filter>
    <Filter Include="CodingTest\날짜별로\0513">
      <UniqueIdentifier>{e2da5c57-a6b7-4bdb-9840-e1bf28489f42}</UniqueIdentifier>
    </Filter>
    <Filter Include="CodingTest\날짜별로\0514">
      <UniqueIdentifier>{d6bb0ec4-5011-437a-9661-24e4104042a1}</UniqueIdentifier>
    </Filter>
    <Filter Include="CodingTest\날짜별로\0515">
      <UniqueIdentifier>{1edb5f92-2e2d-41a1-8f4e-fdaea639b1d1}</UniqueIdentifier>
    </Filter>
    <Filter Include="CodingTest\날짜별로\0517">
      <UniqueIdentifier>{1c5cbc26-07f8-47a8-8bff-a46769cfea36}</UniqueIdentifier>
    </Filter>
    <Filter Include="CodingTest\날짜별로\0521">
      <UniqueIdentifier>{707f73aa-d531-49a1-a79f-e6376154ca16}</UniqueIdentifier>
    </Filter>
    <Filter Include="CodingTest\날짜별로\0522">
      <UniqueIdentifier>{148ee6ec-e4e7-4604-a1b9-072323eacaca}</UniqueIdentifier>
    </Filter>
    <Filter Include="CodingTest\날짜별로\0523">
      <UniqueIdentifier>{e7360040-3c13-4b24-b07d-38a65dc1ec39}</UniqueIdentifier>
    </Filter>
    <Filter Include="CodingTest\날짜별로\0524">
      <UniqueIdentifier>{7662604b-5c64-48da-9f2d-fa38c04e62cc}</UniqueIdentifier>
    </Filter>
    <Filter Include="CodingTest\날짜별로\0527">
      <UniqueIdentifier>{5451a14f-d670-4702-93bd-3c48a8128a21}</UniqueIdentifier>
    </Filter>
    <Filter Include="CodingTest\날짜별로\0528">
      <UniqueIdentifier>{5c6962c9-ce82-4757-8035-bd9a54366952}</UniqueIdentifier>
    </Filter>
    <Filter Include="CodingTest\2Level">
      <UniqueIdentifier>{2f52a319-c5d6-40a2-b576-40abf9fd19cc}</UniqueIdentifier>
    </Filter>
    <Filter Include="알고리즘">
      <UniqueIdentifier>{e89ef160-53cb-4e64-8541-b7dcf83b802d}</UniqueIdentifier>
    </Filter>
    <Filter Include="알고리즘\정렬">
      <UniqueIdentifier>{21ef6453-fc8d-48f9-8e80-14684a676207}</UniqueIdentifier>
    </Filter>
    <Filter Include="CodingTest\1Level">
      <UniqueIdentifier>{275361a4-939a-4e65-b3eb-f1c6851af88b}</UniqueIdentifier>
    </Filter>
  </ItemGroup>
  <ItemGroup>
    <ClCompile Include="ksCircleQue.h">
      <Filter>헤더 파일</Filter>
    </ClCompile>
    <ClCompile Include="ksBinaryTree.cpp">
      <Filter>헤더 파일</Filter>
    </ClCompile>
    <ClCompile Include="main.cpp">
      <Filter>main</Filter>
    </ClCompile>
    <ClCompile Include="One0505.cpp">
      <Filter>CodingTest\날짜별로\0505</Filter>
    </ClCompile>
    <ClCompile Include="BestValue.cpp">
      <Filter>CodingTest\날짜별로\~0504</Filter>
    </ClCompile>
    <ClCompile Include="BruteForceSearch.cpp">
      <Filter>CodingTest\날짜별로\~0504</Filter>
    </ClCompile>
    <ClCompile Include="DFS_NetWork.cpp">
      <Filter>CodingTest\날짜별로\~0504</Filter>
    </ClCompile>
    <ClCompile Include="Dynamic.cpp">
      <Filter>CodingTest\날짜별로\~0504</Filter>
    </ClCompile>
    <ClCompile Include="Fibonacci.cpp">
      <Filter>CodingTest\날짜별로\~0504</Filter>
    </ClCompile>
    <ClCompile Include="Graph.cpp">
      <Filter>CodingTest\날짜별로\~0504</Filter>
    </ClCompile>
    <ClCompile Include="Greedy.cpp">
      <Filter>CodingTest\날짜별로\~0504</Filter>
    </ClCompile>
    <ClCompile Include="Integer.cpp">
      <Filter>CodingTest\날짜별로\~0504</Filter>
    </ClCompile>
    <ClCompile Include="Measure.cpp">
      <Filter>CodingTest\날짜별로\~0504</Filter>
    </ClCompile>
    <ClCompile Include="QuadValue.cpp">
      <Filter>CodingTest\날짜별로\~0504</Filter>
    </ClCompile>
    <ClCompile Include="StackQueue.cpp">
      <Filter>CodingTest\날짜별로\~0504</Filter>
    </ClCompile>
    <ClCompile Include="Two0505.cpp">
      <Filter>CodingTest\날짜별로\0505</Filter>
    </ClCompile>
    <ClCompile Include="One0507.cpp">
      <Filter>CodingTest\날짜별로\0507</Filter>
    </ClCompile>
    <ClCompile Include="One0508.cpp">
      <Filter>CodingTest\날짜별로\0508</Filter>
    </ClCompile>
    <ClCompile Include="One0509.cpp">
      <Filter>CodingTest\날짜별로\0509</Filter>
    </ClCompile>
    <ClCompile Include="One0510.cpp">
      <Filter>CodingTest\날짜별로\0510</Filter>
    </ClCompile>
    <ClCompile Include="One0513.cpp">
      <Filter>CodingTest\날짜별로\0513</Filter>
    </ClCompile>
    <ClCompile Include="One0514.cpp">
      <Filter>CodingTest\날짜별로\0514</Filter>
    </ClCompile>
    <ClCompile Include="One0515.cpp">
      <Filter>CodingTest\날짜별로\0515</Filter>
    </ClCompile>
    <ClCompile Include="One0517.cpp">
      <Filter>CodingTest\날짜별로\0517</Filter>
    </ClCompile>
    <ClCompile Include="One0521.cpp">
      <Filter>CodingTest\날짜별로\0521</Filter>
    </ClCompile>
    <ClCompile Include="0522One.cpp">
      <Filter>CodingTest\날짜별로\0522</Filter>
    </ClCompile>
    <ClCompile Include="One0523.cpp">
      <Filter>CodingTest\날짜별로\0523</Filter>
    </ClCompile>
    <ClCompile Include="One0524.cpp">
      <Filter>CodingTest\날짜별로\0524</Filter>
    </ClCompile>
    <ClCompile Include="One0527.cpp">
      <Filter>CodingTest\날짜별로\0527</Filter>
    </ClCompile>
    <ClCompile Include="One0528.cpp">
      <Filter>CodingTest\날짜별로\0528</Filter>
    </ClCompile>
    <ClCompile Include="점프와순간이동.cpp">
      <Filter>CodingTest\2Level</Filter>
    </ClCompile>
    <ClCompile Include="짝 지어 제거하기.cpp">
      <Filter>CodingTest\2Level</Filter>
    </ClCompile>
    <ClCompile Include="최댓값과 최솟값.cpp">
      <Filter>CodingTest\2Level</Filter>
    </ClCompile>
    <ClCompile Include="최솟값 만들기.cpp">
      <Filter>CodingTest\2Level</Filter>
    </ClCompile>
    <ClCompile Include="예상 대진표.cpp">
      <Filter>CodingTest\2Level</Filter>
    </ClCompile>
    <ClCompile Include="test.cpp">
      <Filter>CodingTest</Filter>
    </ClCompile>
    <ClCompile Include="멀리 뛰기.cpp">
      <Filter>CodingTest\2Level</Filter>
    </ClCompile>
    <ClCompile Include="뒤에 있는 큰 수 찾기.cpp">
      <Filter>CodingTest\2Level</Filter>
    </ClCompile>
    <ClCompile Include="멀쩡한 사각형.cpp">
      <Filter>CodingTest\2Level</Filter>
    </ClCompile>
    <ClCompile Include="주식가격.cpp">
      <Filter>CodingTest\2Level</Filter>
    </ClCompile>
    <ClCompile Include="N개의 최소공배수.cpp">
      <Filter>CodingTest\2Level</Filter>
    </ClCompile>
    <ClCompile Include="n^2 배열 자르기.cpp">
      <Filter>CodingTest\2Level</Filter>
    </ClCompile>
    <ClCompile Include="다리를 지나는 트럭.cpp">
      <Filter>CodingTest\2Level</Filter>
    </ClCompile>
    <ClCompile Include="배달.cpp">
      <Filter>CodingTest\2Level</Filter>
    </ClCompile>
    <ClCompile Include="땅따먹기.cpp">
      <Filter>CodingTest\2Level</Filter>
    </ClCompile>
    <ClCompile Include="선택정렬.cpp">
      <Filter>알고리즘\정렬</Filter>
    </ClCompile>
    <ClCompile Include="버블정렬.cpp">
      <Filter>알고리즘\정렬</Filter>
    </ClCompile>
    <ClCompile Include="삽입정렬.cpp">
      <Filter>알고리즘\정렬</Filter>
    </ClCompile>
    <ClCompile Include="양궁대회.cpp">
      <Filter>CodingTest\2Level</Filter>
    </ClCompile>
    <ClCompile Include="삼각 달팽이.cpp">
      <Filter>CodingTest\2Level</Filter>
    </ClCompile>
    <ClCompile Include="문자열을 정수로 바꾸기.cpp">
      <Filter>CodingTest\1Level</Filter>
    </ClCompile>
  </ItemGroup>
  <ItemGroup>
    <ClInclude Include="ksVector.h">
      <Filter>헤더 파일</Filter>
    </ClInclude>
    <ClInclude Include="ksList.h">
      <Filter>헤더 파일</Filter>
    </ClInclude>
    <ClInclude Include="ksStack.h">
      <Filter>헤더 파일</Filter>
    </ClInclude>
    <ClInclude Include="ksTree.h">
      <Filter>헤더 파일</Filter>
    </ClInclude>
  </ItemGroup>
</Project>